PODS:
  - CocoaDebug (1.0.2)

DEPENDENCIES:
  - CocoaDebug (from `https://github.com/HiKarry/CocoaDebug.git`, tag `2.0.2`)

EXTERNAL SOURCES:
  CocoaDebug:
    :git: https://github.com/HiKarry/CocoaDebug.git
    :tag: 2.0.2

CHECKOUT OPTIONS:
  CocoaDebug:
    :git: https://github.com/HiKarry/CocoaDebug.git
    :tag: 2.0.2

SPEC CHECKSUMS:
  CocoaDebug: be736e3a5c51dc98c03640ba0e972322ad83f99b

PODFILE CHECKSUM: 4c84374d65d553dc1a97184445987f153f028e21

COCOAPODS: 1.8.4
